
Microsoft Visual Studio Solution File, Format Version 12.00
Project("{FAE04EC0-301F-11D3-BF4B-00C04F79EFBC}") = "Presentation", "Presentation\Presentation.csproj", "{6E0B87B7-7C1B-4FF4-8340-5BF927A175CC}"
EndProject
Project("{FAE04EC0-301F-11D3-BF4B-00C04F79EFBC}") = "Domain", "Domain\Domain.csproj", "{3E625660-928C-4B37-9980-A5573A7CA49E}"
EndProject
Project("{FAE04EC0-301F-11D3-BF4B-00C04F79EFBC}") = "Application", "Application\Application.csproj", "{B678327C-E9DA-4A9C-9E13-39B1FFC35000}"
EndProject
Project("{FAE04EC0-301F-11D3-BF4B-00C04F79EFBC}") = "Infrastructure", "Infrastructure\Infrastructure.csproj", "{428D3C20-01F9-4C37-85AC-2DC82B81DA61}"
EndProject
Project("{FAE04EC0-301F-11D3-BF4B-00C04F79EFBC}") = "Data", "Data\Data.csproj", "{D3C20327-D814-4D5E-A676-9368CACD5240}"
EndProject
Project("{FAE04EC0-301F-11D3-BF4B-00C04F79EFBC}") = "Common", "Common\Common.csproj", "{5918B44E-31AD-4547-AD85-DE20E5E6D299}"
EndProject
Global
	GlobalSection(SolutionConfigurationPlatforms) = preSolution
		Debug|Any CPU = Debug|Any CPU
		Release|Any CPU = Release|Any CPU
	EndGlobalSection
	GlobalSection(ProjectConfigurationPlatforms) = postSolution
		{6E0B87B7-7C1B-4FF4-8340-5BF927A175CC}.Debug|Any CPU.ActiveCfg = Debug|Any CPU
		{6E0B87B7-7C1B-4FF4-8340-5BF927A175CC}.Debug|Any CPU.Build.0 = Debug|Any CPU
		{6E0B87B7-7C1B-4FF4-8340-5BF927A175CC}.Release|Any CPU.ActiveCfg = Release|Any CPU
		{6E0B87B7-7C1B-4FF4-8340-5BF927A175CC}.Release|Any CPU.Build.0 = Release|Any CPU
		{3E625660-928C-4B37-9980-A5573A7CA49E}.Debug|Any CPU.ActiveCfg = Debug|Any CPU
		{3E625660-928C-4B37-9980-A5573A7CA49E}.Debug|Any CPU.Build.0 = Debug|Any CPU
		{3E625660-928C-4B37-9980-A5573A7CA49E}.Release|Any CPU.ActiveCfg = Release|Any CPU
		{3E625660-928C-4B37-9980-A5573A7CA49E}.Release|Any CPU.Build.0 = Release|Any CPU
		{B678327C-E9DA-4A9C-9E13-39B1FFC35000}.Debug|Any CPU.ActiveCfg = Debug|Any CPU
		{B678327C-E9DA-4A9C-9E13-39B1FFC35000}.Debug|Any CPU.Build.0 = Debug|Any CPU
		{B678327C-E9DA-4A9C-9E13-39B1FFC35000}.Release|Any CPU.ActiveCfg = Release|Any CPU
		{B678327C-E9DA-4A9C-9E13-39B1FFC35000}.Release|Any CPU.Build.0 = Release|Any CPU
		{428D3C20-01F9-4C37-85AC-2DC82B81DA61}.Debug|Any CPU.ActiveCfg = Debug|Any CPU
		{428D3C20-01F9-4C37-85AC-2DC82B81DA61}.Debug|Any CPU.Build.0 = Debug|Any CPU
		{428D3C20-01F9-4C37-85AC-2DC82B81DA61}.Release|Any CPU.ActiveCfg = Release|Any CPU
		{428D3C20-01F9-4C37-85AC-2DC82B81DA61}.Release|Any CPU.Build.0 = Release|Any CPU
		{D3C20327-D814-4D5E-A676-9368CACD5240}.Debug|Any CPU.ActiveCfg = Debug|Any CPU
		{D3C20327-D814-4D5E-A676-9368CACD5240}.Debug|Any CPU.Build.0 = Debug|Any CPU
		{D3C20327-D814-4D5E-A676-9368CACD5240}.Release|Any CPU.ActiveCfg = Release|Any CPU
		{D3C20327-D814-4D5E-A676-9368CACD5240}.Release|Any CPU.Build.0 = Release|Any CPU
		{5918B44E-31AD-4547-AD85-DE20E5E6D299}.Debug|Any CPU.ActiveCfg = Debug|Any CPU
		{5918B44E-31AD-4547-AD85-DE20E5E6D299}.Debug|Any CPU.Build.0 = Debug|Any CPU
		{5918B44E-31AD-4547-AD85-DE20E5E6D299}.Release|Any CPU.ActiveCfg = Release|Any CPU
		{5918B44E-31AD-4547-AD85-DE20E5E6D299}.Release|Any CPU.Build.0 = Release|Any CPU
	EndGlobalSection
EndGlobal
